<?xml version="1.0" encoding="utf-8"?>
<Project ToolsVersion="4.0" xmlns="http://schemas.microsoft.com/developer/msbuild/2003">
  <ItemGroup>
    <Filter Include="Zdrojové soubory">
      <UniqueIdentifier>{4FC737F1-C7A5-4376-A066-2A32D752A2FF}</UniqueIdentifier>
      <Extensions>cpp;c;cc;cxx;c++;cppm;ixx;def;odl;idl;hpj;bat;asm;asmx</Extensions>
    </Filter>
    <Filter Include="Hlavičkové soubory">
      <UniqueIdentifier>{93995380-89BD-4b04-88EB-625FBE52EBFB}</UniqueIdentifier>
      <Extensions>h;hh;hpp;hxx;h++;hm;inl;inc;ipp;xsd</Extensions>
    </Filter>
    <Filter Include="Soubory zdrojů">
      <UniqueIdentifier>{67DA6AB6-F800-4c08-8B7A-83BB121AAD01}</UniqueIdentifier>
      <Extensions>rc;ico;cur;bmp;dlg;rc2;rct;bin;rgs;gif;jpg;jpeg;jpe;resx;tiff;tif;png;wav;mfcribbon-ms</Extensions>
    </Filter>
    <Filter Include="Patch">
      <UniqueIdentifier>{84aa4b54-575c-4f5c-82bc-2090f53f7e7d}</UniqueIdentifier>
    </Filter>
  </ItemGroup>
  <ItemGroup>
    <ClCompile Include="dllmain.cpp">
      <Filter>Zdrojové soubory</Filter>
    </ClCompile>
    <ClCompile Include="lanPatch.cpp">
      <Filter>Zdrojové soubory</Filter>
    </ClCompile>
    <ClCompile Include="oldconfig.cpp">
      <Filter>Zdrojové soubory</Filter>
    </ClCompile>
    <ClCompile Include="patching.cpp">
      <Filter>Patch</Filter>
    </ClCompile>
    <ClCompile Include="fix_fps.cpp">
      <Filter>Patch</Filter>
    </ClCompile>
    <ClCompile Include="fix_aspect.cpp">
      <Filter>Patch</Filter>
    </ClCompile>
    <ClCompile Include="fix_resolution.cpp">
      <Filter>Patch</Filter>
    </ClCompile>
    <ClCompile Include="opt_skip_logos_and_legals.cpp">
      <Filter>Patch</Filter>
    </ClCompile>
    <ClCompile Include="config.cpp">
      <Filter>Patch</Filter>
    </ClCompile>
    <ClCompile Include="opt_borderless_window.cpp">
      <Filter>Patch</Filter>
    </ClCompile>
  </ItemGroup>
  <ItemGroup>
    <ClInclude Include="lanPatch.h">
      <Filter>Hlavičkové soubory</Filter>
    </ClInclude>
    <ClInclude Include="lanConstants.h">
      <Filter>Hlavičkové soubory</Filter>
    </ClInclude>
    <ClInclude Include="oldconfig.h">
      <Filter>Hlavičkové soubory</Filter>
    </ClInclude>
    <ClInclude Include="patching.h">
      <Filter>Patch</Filter>
    </ClInclude>
    <ClInclude Include="fix_fps.h">
      <Filter>Patch</Filter>
    </ClInclude>
    <ClInclude Include="shared.h">
      <Filter>Patch</Filter>
    </ClInclude>
    <ClInclude Include="fix_aspect.h">
      <Filter>Patch</Filter>
    </ClInclude>
    <ClInclude Include="fix_resolution.h">
      <Filter>Patch</Filter>
    </ClInclude>
    <ClInclude Include="opt_skip_logos_and_legals.h">
      <Filter>Patch</Filter>
    </ClInclude>
    <ClInclude Include="config.h">
      <Filter>Patch</Filter>
    </ClInclude>
    <ClInclude Include="opt_borderless_window.h">
      <Filter>Patch</Filter>
    </ClInclude>
  </ItemGroup>
</Project>